github.com/ieee0824/getenv v0.0.0-20170818064613-c0967c2a6018 h1:qVM0rZSFvUzPFm72L4HsTZBywT1KJLCps+IW5iJ6Dek=
github.com/ieee0824/getenv v0.0.0-20170818064613-c0967c2a6018/go.mod h1:38D2bHUPIj7f7uOQz4+OTVHYBbnQGMbpla1Pa5I/QpQ=
golang.org/x/crypto v0.56.0 h1:GUh5Ii4J5jtcseSMiRqr1jXCNHoxjeV9Fmekc2oLy6Y=
golang.org/x/crypto v0.56.0/go.mod h1:OMW5y6CY9l38uPLmxU6l6pwcXp1obtLo3e6gT7gQR2I=
golang.org/x/text v0.41.0 h1:vz/seA0lnX87Othu2f/0L24RcgrXD9/YFTSuGjj3rH8=
golang.org/x/text v0.41.0/go.mod h1:jvf1O8ajNzZqhSrQBPbutR/EB83Cc0CFrezNQIwbb5M=
